
Microsoft Visual Studio Solution File, Format Version 12.00
# Visual Studio Version 17
VisualStudioVersion = 17.10.34916.146
MinimumVisualStudioVersion = 10.0.40219.1
Project("{FAE04EC0-301F-11D3-BF4B-00C04F79EFBC}") = "HolelsWebAPI", "HolelsWebAPI\HolelsWebAPI.csproj", "{AB662147-940D-499C-A7CB-A9CDEFEDBAB7}"
EndProject
Global
	GlobalSection(SolutionConfigurationPlatforms) = preSolution
		Debug|Any CPU = Debug|Any CPU
		Release|Any CPU = Release|Any CPU
	EndGlobalSection
	GlobalSection(ProjectConfigurationPlatforms) = postSolution
		{AB662147-940D-499C-A7CB-A9CDEFEDBAB7}.Debug|Any CPU.ActiveCfg = Debug|Any CPU
		{AB662147-940D-499C-A7CB-A9CDEFEDBAB7}.Debug|Any CPU.Build.0 = Debug|Any CPU
		{AB662147-940D-499C-A7CB-A9CDEFEDBAB7}.Release|Any CPU.ActiveCfg = Release|Any CPU
		{AB662147-940D-499C-A7CB-A9CDEFEDBAB7}.Release|Any CPU.Build.0 = Release|Any CPU
	EndGlobalSection
	GlobalSection(SolutionProperties) = preSolution
		HideSolutionNode = FALSE
	EndGlobalSection
	GlobalSection(ExtensibilityGlobals) = postSolution
		SolutionGuid = {BCB21C36-C0FF-4300-BDED-EE589B848837}
	EndGlobalSection
EndGlobal
